PODS:
  - lottie-ios (4.5.0)
  - Zip (2.1.2)

DEPENDENCIES:
  - lottie-ios
  - Zip

SPEC REPOS:
  trunk:
    - lottie-ios
    - Zip

SPEC CHECKSUMS:
  lottie-ios: a881093fab623c467d3bce374367755c272bdd59
  Zip: b3fef584b147b6e582b2256a9815c897d60ddc67

PODFILE CHECKSUM: d45e2b7f292c43bcf609c5fd127a6699740ba47f

COCOAPODS: 1.15.2
